
Microsoft Visual Studio Solution File, Format Version 12.00
# Visual Studio Version 17
VisualStudioVersion = 17.10.35027.167
MinimumVisualStudioVersion = 10.0.40219.1
Project("{FAE04EC0-301F-11D3-BF4B-00C04F79EFBC}") = "chsj", "chsj.csproj", "{CC1D0EDD-2CD3-4B8E-8B03-192148C4BBF8}"
EndProject
Global
	GlobalSection(SolutionConfigurationPlatforms) = preSolution
		Debug|Any CPU = Debug|Any CPU
		Release|Any CPU = Release|Any CPU
	EndGlobalSection
	GlobalSection(ProjectConfigurationPlatforms) = postSolution
		{CC1D0EDD-2CD3-4B8E-8B03-192148C4BBF8}.Debug|Any CPU.ActiveCfg = Debug|Any CPU
		{CC1D0EDD-2CD3-4B8E-8B03-192148C4BBF8}.Debug|Any CPU.Build.0 = Debug|Any CPU
		{CC1D0EDD-2CD3-4B8E-8B03-192148C4BBF8}.Release|Any CPU.ActiveCfg = Release|Any CPU
		{CC1D0EDD-2CD3-4B8E-8B03-192148C4BBF8}.Release|Any CPU.Build.0 = Release|Any CPU
	EndGlobalSection
	GlobalSection(SolutionProperties) = preSolution
		HideSolutionNode = FALSE
	EndGlobalSection
	GlobalSection(ExtensibilityGlobals) = postSolution
		SolutionGuid = {4E6F35B0-BF90-4460-8C6A-EBC17FD4F775}
	EndGlobalSection
EndGlobal
